
Microsoft Visual Studio Solution File, Format Version 12.00
# Visual Studio Version 17
VisualStudioVersion = 17.3.32929.385
MinimumVisualStudioVersion = 10.0.40219.1
Project("{FAE04EC0-301F-11D3-BF4B-00C04F79EFBC}") = "The Talent Troupe", "The Talent Troupe\The Talent Troupe.csproj", "{E89B0A69-EFBC-4BC7-A115-5A2A1E90F1F0}"
EndProject
Global
	GlobalSection(SolutionConfigurationPlatforms) = preSolution
		Debug|Any CPU = Debug|Any CPU
		Release|Any CPU = Release|Any CPU
	EndGlobalSection
	GlobalSection(ProjectConfigurationPlatforms) = postSolution
		{E89B0A69-EFBC-4BC7-A115-5A2A1E90F1F0}.Debug|Any CPU.ActiveCfg = Debug|Any CPU
		{E89B0A69-EFBC-4BC7-A115-5A2A1E90F1F0}.Debug|Any CPU.Build.0 = Debug|Any CPU
		{E89B0A69-EFBC-4BC7-A115-5A2A1E90F1F0}.Release|Any CPU.ActiveCfg = Release|Any CPU
		{E89B0A69-EFBC-4BC7-A115-5A2A1E90F1F0}.Release|Any CPU.Build.0 = Release|Any CPU
	EndGlobalSection
	GlobalSection(SolutionProperties) = preSolution
		HideSolutionNode = FALSE
	EndGlobalSection
	GlobalSection(ExtensibilityGlobals) = postSolution
		SolutionGuid = {494A1B02-B9DA-4509-865C-8DA314BE15B3}
	EndGlobalSection
EndGlobal
